// !$*UTF8*$!
{
	archiveVersion = 1;
	classes = {
	};
	objectVersion = 55;
	objects = {

/* Begin PBXBuildFile section */
		84072157282F75D000E10E06 /* SearchResultsViewController.swift in Sources */ = {isa = PBXBuildFile; fileRef = 84072156282F75D000E10E06 /* SearchResultsViewController.swift */; };
		8407215B282F856400E10E06 /* YoutubeSearchResponse.swift in Sources */ = {isa = PBXBuildFile; fileRef = 8407215A282F856400E10E06 /* YoutubeSearchResponse.swift */; };
		8407215D282F89EA00E10E06 /* TitlePreviewViewController.swift in Sources */ = {isa = PBXBuildFile; fileRef = 8407215C282F89EA00E10E06 /* TitlePreviewViewController.swift */; };
		8407215F282F947C00E10E06 /* TitlePreviewViewModel.swift in Sources */ = {isa = PBXBuildFile; fileRef = 8407215E282F947C00E10E06 /* TitlePreviewViewModel.swift */; };
		84BC0830282D501B00B08106 /* AppDelegate.swift in Sources */ = {isa = PBXBuildFile; fileRef = 84BC082F282D501B00B08106 /* AppDelegate.swift */; };
		84BC0832282D501B00B08106 /* SceneDelegate.swift in Sources */ = {isa = PBXBuildFile; fileRef = 84BC0831282D501B00B08106 /* SceneDelegate.swift */; };
		84BC0834282D501B00B08106 /* MainTabBarViewController.swift in Sources */ = {isa = PBXBuildFile; fileRef = 84BC0833282D501B00B08106 /* MainTabBarViewController.swift */; };
		84BC0839282D501E00B08106 /* Assets.xcassets in Resources */ = {isa = PBXBuildFile; fileRef = 84BC0838282D501E00B08106 /* Assets.xcassets */; };
		84BC083C282D501E00B08106 /* LaunchScreen.storyboard in Resources */ = {isa = PBXBuildFile; fileRef = 84BC083A282D501E00B08106 /* LaunchScreen.storyboard */; };
		84BC0845282D5B3C00B08106 /* HomeViewController.swift in Sources */ = {isa = PBXBuildFile; fileRef = 84BC0844282D5B3C00B08106 /* HomeViewController.swift */; };
		84BC0847282D5B9A00B08106 /* UpcomingViewController.swift in Sources */ = {isa = PBXBuildFile; fileRef = 84BC0846282D5B9A00B08106 /* UpcomingViewController.swift */; };
		84BC0849282D5BC600B08106 /* SearchViewController.swift in Sources */ = {isa = PBXBuildFile; fileRef = 84BC0848282D5BC600B08106 /* SearchViewController.swift */; };
		84BC084B282D5C0300B08106 /* DownloadsViewController.swift in Sources */ = {isa = PBXBuildFile; fileRef = 84BC084A282D5C0300B08106 /* DownloadsViewController.swift */; };
		84E1F537282E158800FB4BA3 /* CollectionViewTableViewCell.swift in Sources */ = {isa = PBXBuildFile; fileRef = 84E1F536282E158800FB4BA3 /* CollectionViewTableViewCell.swift */; };
		84E1F539282E1E9300FB4BA3 /* HeroHeaderUIView.swift in Sources */ = {isa = PBXBuildFile; fileRef = 84E1F538282E1E9300FB4BA3 /* HeroHeaderUIView.swift */; };
		84EEDF92282E4668000C83C8 /* APICaller.swift in Sources */ = {isa = PBXBuildFile; fileRef = 84EEDF91282E4668000C83C8 /* APICaller.swift */; };
		84EEDF96282E4B93000C83C8 /* Title.swift in Sources */ = {isa = PBXBuildFile; fileRef = 84EEDF95282E4B93000C83C8 /* Title.swift */; };
		84EEDF98282E5065000C83C8 /* Extensions.swift in Sources */ = {isa = PBXBuildFile; fileRef = 84EEDF97282E5065000C83C8 /* Extensions.swift */; };
		84EEDF9C282E733B000C83C8 /* TitleCollectionViewCell.swift in Sources */ = {isa = PBXBuildFile; fileRef = 84EEDF9B282E733B000C83C8 /* TitleCollectionViewCell.swift */; };
		84EEDF9F282E7B65000C83C8 /* SDWebImage in Frameworks */ = {isa = PBXBuildFile; productRef = 84EEDF9E282E7B65000C83C8 /* SDWebImage */; };
		84EEDFA1282E7B65000C83C8 /* SDWebImageMapKit in Frameworks */ = {isa = PBXBuildFile; productRef = 84EEDFA0282E7B65000C83C8 /* SDWebImageMapKit */; };
		84EEDFA3282EB1F2000C83C8 /* TitleTableViewCell.swift in Sources */ = {isa = PBXBuildFile; fileRef = 84EEDFA2282EB1F2000C83C8 /* TitleTableViewCell.swift */; };
		84EEDFA5282EB64B000C83C8 /* TitleViewModel.swift in Sources */ = {isa = PBXBuildFile; fileRef = 84EEDFA4282EB64B000C83C8 /* TitleViewModel.swift */; };
/* End PBXBuildFile section */

/* Begin PBXFileReference section */
		84072156282F75D000E10E06 /* SearchResultsViewController.swift */ = {isa = PBXFileReference; lastKnownFileType = sourcecode.swift; path = SearchResultsViewController.swift; sourceTree = "<group>"; };
		8407215A282F856400E10E06 /* YoutubeSearchResponse.swift */ = {isa = PBXFileReference; lastKnownFileType = sourcecode.swift; path = YoutubeSearchResponse.swift; sourceTree = "<group>"; };
		8407215C282F89EA00E10E06 /* TitlePreviewViewController.swift */ = {isa = PBXFileReference; lastKnownFileType = sourcecode.swift; path = TitlePreviewViewController.swift; sourceTree = "<group>"; };
		8407215E282F947C00E10E06 /* TitlePreviewViewModel.swift */ = {isa = PBXFileReference; lastKnownFileType = sourcecode.swift; path = TitlePreviewViewModel.swift; sourceTree = "<group>"; };
		84BC082C282D501B00B08106 /* Netflix Streaming App.app */ = {isa = PBXFileReference; explicitFileType = wrapper.application; includeInIndex = 0; path = "Netflix Streaming App.app"; sourceTree = BUILT_PRODUCTS_DIR; };
		84BC082F282D501B00B08106 /* AppDelegate.swift */ = {isa = PBXFileReference; lastKnownFileType = sourcecode.swift; path = AppDelegate.swift; sourceTree = "<group>"; };
		84BC0831282D501B00B08106 /* SceneDelegate.swift */ = {isa = PBXFileReference; lastKnownFileType = sourcecode.swift; path = SceneDelegate.swift; sourceTree = "<group>"; };
		84BC0833282D501B00B08106 /* MainTabBarViewController.swift */ = {isa = PBXFileReference; lastKnownFileType = sourcecode.swift; path = MainTabBarViewController.swift; sourceTree = "<group>"; };
		84BC0838282D501E00B08106 /* Assets.xcassets */ = {isa = PBXFileReference; lastKnownFileType = folder.assetcatalog; path = Assets.xcassets; sourceTree = "<group>"; };
		84BC083B282D501E00B08106 /* Base */ = {isa = PBXFileReference; lastKnownFileType = file.storyboard; name = Base; path = Base.lproj/LaunchScreen.storyboard; sourceTree = "<group>"; };
		84BC083D282D501E00B08106 /* Info.plist */ = {isa = PBXFileReference; lastKnownFileType = text.plist.xml; path = Info.plist; sourceTree = "<group>"; };
		84BC0844282D5B3C00B08106 /* HomeViewController.swift */ = {isa = PBXFileReference; lastKnownFileType = sourcecode.swift; path = HomeViewController.swift; sourceTree = "<group>"; };
		84BC0846282D5B9A00B08106 /* UpcomingViewController.swift */ = {isa = PBXFileReference; lastKnownFileType = sourcecode.swift; path = UpcomingViewController.swift; sourceTree = "<group>"; };
		84BC0848282D5BC600B08106 /* SearchViewController.swift */ = {isa = PBXFileReference; lastKnownFileType = sourcecode.swift; path = SearchViewController.swift; sourceTree = "<group>"; };
		84BC084A282D5C0300B08106 /* DownloadsViewController.swift */ = {isa = PBXFileReference; lastKnownFileType = sourcecode.swift; path = DownloadsViewController.swift; sourceTree = "<group>"; };
		84E1F536282E158800FB4BA3 /* CollectionViewTableViewCell.swift */ = {isa = PBXFileReference; lastKnownFileType = sourcecode.swift; path = CollectionViewTableViewCell.swift; sourceTree = "<group>"; };
		84E1F538282E1E9300FB4BA3 /* HeroHeaderUIView.swift */ = {isa = PBXFileReference; lastKnownFileType = sourcecode.swift; path = HeroHeaderUIView.swift; sourceTree = "<group>"; };
		84EEDF91282E4668000C83C8 /* APICaller.swift */ = {isa = PBXFileReference; lastKnownFileType = sourcecode.swift; path = APICaller.swift; sourceTree = "<group>"; };
		84EEDF95282E4B93000C83C8 /* Title.swift */ = {isa = PBXFileReference; lastKnownFileType = sourcecode.swift; path = Title.swift; sourceTree = "<group>"; };
		84EEDF97282E5065000C83C8 /* Extensions.swift */ = {isa = PBXFileReference; lastKnownFileType = sourcecode.swift; path = Extensions.swift; sourceTree = "<group>"; };
		84EEDF9B282E733B000C83C8 /* TitleCollectionViewCell.swift */ = {isa = PBXFileReference; lastKnownFileType = sourcecode.swift; path = TitleCollectionViewCell.swift; sourceTree = "<group>"; };
		84EEDFA2282EB1F2000C83C8 /* TitleTableViewCell.swift */ = {isa = PBXFileReference; lastKnownFileType = sourcecode.swift; path = TitleTableViewCell.swift; sourceTree = "<group>"; };
		84EEDFA4282EB64B000C83C8 /* TitleViewModel.swift */ = {isa = PBXFileReference; lastKnownFileType = sourcecode.swift; path = TitleViewModel.swift; sourceTree = "<group>"; };
/* End PBXFileReference section */

/* Begin PBXFrameworksBuildPhase section */
		84BC0829282D501B00B08106 /* Frameworks */ = {
			isa = PBXFrameworksBuildPhase;
			buildActionMask = 2147483647;
			files = (
				84EEDFA1282E7B65000C83C8 /* SDWebImageMapKit in Frameworks */,
				84EEDF9F282E7B65000C83C8 /* SDWebImage in Frameworks */,
			);
			runOnlyForDeploymentPostprocessing = 0;
		};
/* End PBXFrameworksBuildPhase section */

/* Begin PBXGroup section */
		84072158282F761500E10E06 /* Core */ = {
			isa = PBXGroup;
			children = (
				84BC0844282D5B3C00B08106 /* HomeViewController.swift */,
				84BC0833282D501B00B08106 /* MainTabBarViewController.swift */,
				84BC0846282D5B9A00B08106 /* UpcomingViewController.swift */,
				84BC0848282D5BC600B08106 /* SearchViewController.swift */,
				84BC084A282D5C0300B08106 /* DownloadsViewController.swift */,
			);
			path = Core;
			sourceTree = "<group>";
		};
		84072159282F765200E10E06 /* General */ = {
			isa = PBXGroup;
			children = (
				84072156282F75D000E10E06 /* SearchResultsViewController.swift */,
				8407215C282F89EA00E10E06 /* TitlePreviewViewController.swift */,
			);
			path = General;
			sourceTree = "<group>";
		};
		84BC0823282D501B00B08106 = {
			isa = PBXGroup;
			children = (
				84BC082E282D501B00B08106 /* Netflix Streaming App */,
				84BC082D282D501B00B08106 /* Products */,
			);
			sourceTree = "<group>";
		};
		84BC082D282D501B00B08106 /* Products */ = {
			isa = PBXGroup;
			children = (
				84BC082C282D501B00B08106 /* Netflix Streaming App.app */,
			);
			name = Products;
			sourceTree = "<group>";
		};
		84BC082E282D501B00B08106 /* Netflix Streaming App */ = {
			isa = PBXGroup;
			children = (
				84BC0850282D658500B08106 /* Managers */,
				84BC084F282D656C00B08106 /* Resources */,
				84BC084C282D652E00B08106 /* Models */,
				84BC084D282D653500B08106 /* Views */,
				84BC084E282D653D00B08106 /* ViewModels */,
				84BC0843282D5B0700B08106 /* Controllers */,
				84BC0838282D501E00B08106 /* Assets.xcassets */,
				84BC083A282D501E00B08106 /* LaunchScreen.storyboard */,
				84BC083D282D501E00B08106 /* Info.plist */,
			);
			path = "Netflix Streaming App";
			sourceTree = "<group>";
		};
		84BC0843282D5B0700B08106 /* Controllers */ = {
			isa = PBXGroup;
			children = (
				84072159282F765200E10E06 /* General */,
				84072158282F761500E10E06 /* Core */,
			);
			path = Controllers;
			sourceTree = "<group>";
		};
		84BC084C282D652E00B08106 /* Models */ = {
			isa = PBXGroup;
			children = (
				84EEDF95282E4B93000C83C8 /* Title.swift */,
				8407215A282F856400E10E06 /* YoutubeSearchResponse.swift */,
			);
			path = Models;
			sourceTree = "<group>";
		};
		84BC084D282D653500B08106 /* Views */ = {
			isa = PBXGroup;
			children = (
				84E1F536282E158800FB4BA3 /* CollectionViewTableViewCell.swift */,
				84E1F538282E1E9300FB4BA3 /* HeroHeaderUIView.swift */,
				84EEDF9B282E733B000C83C8 /* TitleCollectionViewCell.swift */,
				84EEDFA2282EB1F2000C83C8 /* TitleTableViewCell.swift */,
			);
			path = Views;
			sourceTree = "<group>";
		};
		84BC084E282D653D00B08106 /* ViewModels */ = {
			isa = PBXGroup;
			children = (
				84EEDFA4282EB64B000C83C8 /* TitleViewModel.swift */,
				8407215E282F947C00E10E06 /* TitlePreviewViewModel.swift */,
			);
			path = ViewModels;
			sourceTree = "<group>";
		};
		84BC084F282D656C00B08106 /* Resources */ = {
			isa = PBXGroup;
			children = (
				84BC082F282D501B00B08106 /* AppDelegate.swift */,
				84BC0831282D501B00B08106 /* SceneDelegate.swift */,
				84EEDF97282E5065000C83C8 /* Extensions.swift */,
			);
			path = Resources;
			sourceTree = "<group>";
		};
		84BC0850282D658500B08106 /* Managers */ = {
			isa = PBXGroup;
			children = (
				84EEDF91282E4668000C83C8 /* APICaller.swift */,
			);
			path = Managers;
			sourceTree = "<group>";
		};
/* End PBXGroup section */

/* Begin PBXNativeTarget section */
		84BC082B282D501B00B08106 /* Netflix Streaming App */ = {
			isa = PBXNativeTarget;
			buildConfigurationList = 84BC0840282D501E00B08106 /* Build configuration list for PBXNativeTarget "Netflix Streaming App" */;
			buildPhases = (
				84BC0828282D501B00B08106 /* Sources */,
				84BC0829282D501B00B08106 /* Frameworks */,
				84BC082A282D501B00B08106 /* Resources */,
			);
			buildRules = (
			);
			dependencies = (
			);
			name = "Netflix Streaming App";
			packageProductDependencies = (
				84EEDF9E282E7B65000C83C8 /* SDWebImage */,
				84EEDFA0282E7B65000C83C8 /* SDWebImageMapKit */,
			);
			productName = "Netflix Streaming App";
			productReference = 84BC082C282D501B00B08106 /* Netflix Streaming App.app */;
			productType = "com.apple.product-type.application";
		};
/* End PBXNativeTarget section */

/* Begin PBXProject section */
		84BC0824282D501B00B08106 /* Project object */ = {
			isa = PBXProject;
			attributes = {
				BuildIndependentTargetsInParallel = 1;
				LastSwiftUpdateCheck = 1330;
				LastUpgradeCheck = 1330;
				TargetAttributes = {
					84BC082B282D501B00B08106 = {
						CreatedOnToolsVersion = 13.3.1;
					};
				};
			};
			buildConfigurationList = 84BC0827282D501B00B08106 /* Build configuration list for PBXProject "Netflix Streaming App" */;
			compatibilityVersion = "Xcode 13.0";
			developmentRegion = en;
			hasScannedForEncodings = 0;
			knownRegions = (
				en,
				Base,
			);
			mainGroup = 84BC0823282D501B00B08106;
			packageReferences = (
				84EEDF9D282E7B65000C83C8 /* XCRemoteSwiftPackageReference "SDWebImage" */,
			);
			productRefGroup = 84BC082D282D501B00B08106 /* Products */;
			projectDirPath = "";
			projectRoot = "";
			targets = (
				84BC082B282D501B00B08106 /* Netflix Streaming App */,
			);
		};
/* End PBXProject section */

/* Begin PBXResourcesBuildPhase section */
		84BC082A282D501B00B08106 /* Resources */ = {
			isa = PBXResourcesBuildPhase;
			buildActionMask = 2147483647;
			files = (
				84BC083C282D501E00B08106 /* LaunchScreen.storyboard in Resources */,
				84BC0839282D501E00B08106 /* Assets.xcassets in Resources */,
			);
			runOnlyForDeploymentPostprocessing = 0;
		};
/* End PBXResourcesBuildPhase section */

/* Begin PBXSourcesBuildPhase section */
		84BC0828282D501B00B08106 /* Sources */ = {
			isa = PBXSourcesBuildPhase;
			buildActionMask = 2147483647;
			files = (
				84EEDFA3282EB1F2000C83C8 /* TitleTableViewCell.swift in Sources */,
				84BC0849282D5BC600B08106 /* SearchViewController.swift in Sources */,
				84EEDF9C282E733B000C83C8 /* TitleCollectionViewCell.swift in Sources */,
				84BC0834282D501B00B08106 /* MainTabBarViewController.swift in Sources */,
				84E1F537282E158800FB4BA3 /* CollectionViewTableViewCell.swift in Sources */,
				84EEDF92282E4668000C83C8 /* APICaller.swift in Sources */,
				84E1F539282E1E9300FB4BA3 /* HeroHeaderUIView.swift in Sources */,
				84BC084B282D5C0300B08106 /* DownloadsViewController.swift in Sources */,
				84BC0830282D501B00B08106 /* AppDelegate.swift in Sources */,
				84072157282F75D000E10E06 /* SearchResultsViewController.swift in Sources */,
				84EEDF98282E5065000C83C8 /* Extensions.swift in Sources */,
				8407215B282F856400E10E06 /* YoutubeSearchResponse.swift in Sources */,
				84BC0832282D501B00B08106 /* SceneDelegate.swift in Sources */,
				8407215F282F947C00E10E06 /* TitlePreviewViewModel.swift in Sources */,
				84BC0847282D5B9A00B08106 /* UpcomingViewController.swift in Sources */,
				8407215D282F89EA00E10E06 /* TitlePreviewViewController.swift in Sources */,
				84EEDF96282E4B93000C83C8 /* Title.swift in Sources */,
				84BC0845282D5B3C00B08106 /* HomeViewController.swift in Sources */,
				84EEDFA5282EB64B000C83C8 /* TitleViewModel.swift in Sources */,
			);
			runOnlyForDeploymentPostprocessing = 0;
		};
/* End PBXSourcesBuildPhase section */

/* Begin PBXVariantGroup section */
		84BC083A282D501E00B08106 /* LaunchScreen.storyboard */ = {
			isa = PBXVariantGroup;
			children = (
				84BC083B282D501E00B08106 /* Base */,
			);
			name = LaunchScreen.storyboard;
			sourceTree = "<group>";
		};
/* End PBXVariantGroup section */

/* Begin XCBuildConfiguration section */
		84BC083E282D501E00B08106 /* Debug */ = {
			isa = XCBuildConfiguration;
			buildSettings = {
				ALWAYS_SEARCH_USER_PATHS = NO;
				CLANG_ANALYZER_NONNULL = YES;
				CLANG_ANALYZER_NUMBER_OBJECT_CONVERSION = YES_AGGRESSIVE;
				CLANG_CXX_LANGUAGE_STANDARD = "gnu++17";
				CLANG_ENABLE_MODULES = YES;
				CLANG_ENABLE_OBJC_ARC = YES;
				CLANG_ENABLE_OBJC_WEAK = YES;
				CLANG_WARN_BLOCK_CAPTURE_AUTORELEASING = YES;
				CLANG_WARN_BOOL_CONVERSION = YES;
				CLANG_WARN_COMMA = YES;
				CLANG_WARN_CONSTANT_CONVERSION = YES;
				CLANG_WARN_DEPRECATED_OBJC_IMPLEMENTATIONS = YES;
				CLANG_WARN_DIRECT_OBJC_ISA_USAGE = YES_ERROR;
				CLANG_WARN_DOCUMENTATION_COMMENTS = YES;
				CLANG_WARN_EMPTY_BODY = YES;
				CLANG_WARN_ENUM_CONVERSION = YES;
				CLANG_WARN_INFINITE_RECURSION = YES;
				CLANG_WARN_INT_CONVERSION = YES;
				CLANG_WARN_NON_LITERAL_NULL_CONVERSION = YES;
				CLANG_WARN_OBJC_IMPLICIT_RETAIN_SELF = YES;
				CLANG_WARN_OBJC_LITERAL_CONVERSION = YES;
				CLANG_WARN_OBJC_ROOT_CLASS = YES_ERROR;
				CLANG_WARN_QUOTED_INCLUDE_IN_FRAMEWORK_HEADER = YES;
				CLANG_WARN_RANGE_LOOP_ANALYSIS = YES;
				CLANG_WARN_STRICT_PROTOTYPES = YES;
				CLANG_WARN_SUSPICIOUS_MOVE = YES;
				CLANG_WARN_UNGUARDED_AVAILABILITY = YES_AGGRESSIVE;
				CLANG_WARN_UNREACHABLE_CODE = YES;
				CLANG_WARN__DUPLICATE_METHOD_MATCH = YES;
				COPY_PHASE_STRIP = NO;
				DEBUG_INFORMATION_FORMAT = dwarf;
				ENABLE_STRICT_OBJC_MSGSEND = YES;
				ENABLE_TESTABILITY = YES;
				GCC_C_LANGUAGE_STANDARD = gnu11;
				GCC_DYNAMIC_NO_PIC = NO;
				GCC_NO_COMMON_BLOCKS = YES;
				GCC_OPTIMIZATION_LEVEL = 0;
				GCC_PREPROCESSOR_DEFINITIONS = (
					"DEBUG=1",
					"$(inherited)",
				);
				GCC_WARN_64_TO_32_BIT_CONVERSION = YES;
				GCC_WARN_ABOUT_RETURN_TYPE = YES_ERROR;
				GCC_WARN_UNDECLARED_SELECTOR = YES;
				GCC_WARN_UNINITIALIZED_AUTOS = YES_AGGRESSIVE;
				GCC_WARN_UNUSED_FUNCTION = YES;
				GCC_WARN_UNUSED_VARIABLE = YES;
				IPHONEOS_DEPLOYMENT_TARGET = 15.4;
				MTL_ENABLE_DEBUG_INFO = INCLUDE_SOURCE;
				MTL_FAST_MATH = YES;
				ONLY_ACTIVE_ARCH = YES;
				SDKROOT = iphoneos;
				SWIFT_ACTIVE_COMPILATION_CONDITIONS = DEBUG;
				SWIFT_OPTIMIZATION_LEVEL = "-Onone";
			};
			name = Debug;
		};
		84BC083F282D501E00B08106 /* Release */ = {
			isa = XCBuildConfiguration;
			buildSettings = {
				ALWAYS_SEARCH_USER_PATHS = NO;
				CLANG_ANALYZER_NONNULL = YES;
				CLANG_ANALYZER_NUMBER_OBJECT_CONVERSION = YES_AGGRESSIVE;
				CLANG_CXX_LANGUAGE_STANDARD = "gnu++17";
				CLANG_ENABLE_MODULES = YES;
				CLANG_ENABLE_OBJC_ARC = YES;
				CLANG_ENABLE_OBJC_WEAK = YES;
				CLANG_WARN_BLOCK_CAPTURE_AUTORELEASING = YES;
				CLANG_WARN_BOOL_CONVERSION = YES;
				CLANG_WARN_COMMA = YES;
				CLANG_WARN_CONSTANT_CONVERSION = YES;
				CLANG_WARN_DEPRECATED_OBJC_IMPLEMENTATIONS = YES;
				CLANG_WARN_DIRECT_OBJC_ISA_USAGE = YES_ERROR;
				CLANG_WARN_DOCUMENTATION_COMMENTS = YES;
				CLANG_WARN_EMPTY_BODY = YES;
				CLANG_WARN_ENUM_CONVERSION = YES;
				CLANG_WARN_INFINITE_RECURSION = YES;
				CLANG_WARN_INT_CONVERSION = YES;
				CLANG_WARN_NON_LITERAL_NULL_CONVERSION = YES;
				CLANG_WARN_OBJC_IMPLICIT_RETAIN_SELF = YES;
				CLANG_WARN_OBJC_LITERAL_CONVERSION = YES;
				CLANG_WARN_OBJC_ROOT_CLASS = YES_ERROR;
				CLANG_WARN_QUOTED_INCLUDE_IN_FRAMEWORK_HEADER = YES;
				CLANG_WARN_RANGE_LOOP_ANALYSIS = YES;
				CLANG_WARN_STRICT_PROTOTYPES = YES;
				CLANG_WARN_SUSPICIOUS_MOVE = YES;
				CLANG_WARN_UNGUARDED_AVAILABILITY = YES_AGGRESSIVE;
				CLANG_WARN_UNREACHABLE_CODE = YES;
				CLANG_WARN__DUPLICATE_METHOD_MATCH = YES;
				COPY_PHASE_STRIP = NO;
				DEBUG_INFORMATION_FORMAT = "dwarf-with-dsym";
				ENABLE_NS_ASSERTIONS = NO;
				ENABLE_STRICT_OBJC_MSGSEND = YES;
				GCC_C_LANGUAGE_STANDARD = gnu11;
				GCC_NO_COMMON_BLOCKS = YES;
				GCC_WARN_64_TO_32_BIT_CONVERSION = YES;
				GCC_WARN_ABOUT_RETURN_TYPE = YES_ERROR;
				GCC_WARN_UNDECLARED_SELECTOR = YES;
				GCC_WARN_UNINITIALIZED_AUTOS = YES_AGGRESSIVE;
				GCC_WARN_UNUSED_FUNCTION = YES;
				GCC_WARN_UNUSED_VARIABLE = YES;
				IPHONEOS_DEPLOYMENT_TARGET = 15.4;
				MTL_ENABLE_DEBUG_INFO = NO;
				MTL_FAST_MATH = YES;
				SDKROOT = iphoneos;
				SWIFT_COMPILATION_MODE = wholemodule;
				SWIFT_OPTIMIZATION_LEVEL = "-O";
				VALIDATE_PRODUCT = YES;
			};
			name = Release;
		};
		84BC0841282D501E00B08106 /* Debug */ = {
			isa = XCBuildConfiguration;
			buildSettings = {
				ASSETCATALOG_COMPILER_APPICON_NAME = AppIcon;
				ASSETCATALOG_COMPILER_GLOBAL_ACCENT_COLOR_NAME = AccentColor;
				CODE_SIGN_STYLE = Automatic;
				CURRENT_PROJECT_VERSION = 1;
				DEVELOPMENT_TEAM = TV6GJUT2AS;
				GENERATE_INFOPLIST_FILE = YES;
				INFOPLIST_FILE = "Netflix Streaming App/Info.plist";
				INFOPLIST_KEY_UIApplicationSupportsIndirectInputEvents = YES;
				INFOPLIST_KEY_UILaunchStoryboardName = LaunchScreen;
				INFOPLIST_KEY_UISupportedInterfaceOrientations_iPad = "UIInterfaceOrientationPortrait UIInterfaceOrientationPortraitUpsideDown UIInterfaceOrientationLandscapeLeft UIInterfaceOrientationLandscapeRight";
				INFOPLIST_KEY_UISupportedInterfaceOrientations_iPhone = "UIInterfaceOrientationPortrait UIInterfaceOrientationLandscapeLeft UIInterfaceOrientationLandscapeRight";
				LD_RUNPATH_SEARCH_PATHS = (
					"$(inherited)",
					"@executable_path/Frameworks",
				);
				MARKETING_VERSION = 1.0;
				PRODUCT_BUNDLE_IDENTIFIER = "com.kantzzapps.Netflix-Streaming-App";
				PRODUCT_NAME = "$(TARGET_NAME)";
				SWIFT_EMIT_LOC_STRINGS = YES;
				SWIFT_VERSION = 5.0;
				TARGETED_DEVICE_FAMILY = "1,2";
			};
			name = Debug;
		};
		84BC0842282D501E00B08106 /* Release */ = {
			isa = XCBuildConfiguration;
			buildSettings = {
				ASSETCATALOG_COMPILER_APPICON_NAME = AppIcon;
				ASSETCATALOG_COMPILER_GLOBAL_ACCENT_COLOR_NAME = AccentColor;
				CODE_SIGN_STYLE = Automatic;
				CURRENT_PROJECT_VERSION = 1;
				DEVELOPMENT_TEAM = TV6GJUT2AS;
				GENERATE_INFOPLIST_FILE = YES;
				INFOPLIST_FILE = "Netflix Streaming App/Info.plist";
				INFOPLIST_KEY_UIApplicationSupportsIndirectInputEvents = YES;
				INFOPLIST_KEY_UILaunchStoryboardName = LaunchScreen;
				INFOPLIST_KEY_UISupportedInterfaceOrientations_iPad = "UIInterfaceOrientationPortrait UIInterfaceOrientationPortraitUpsideDown UIInterfaceOrientationLandscapeLeft UIInterfaceOrientationLandscapeRight";
				INFOPLIST_KEY_UISupportedInterfaceOrientations_iPhone = "UIInterfaceOrientationPortrait UIInterfaceOrientationLandscapeLeft UIInterfaceOrientationLandscapeRight";
				LD_RUNPATH_SEARCH_PATHS = (
					"$(inherited)",
					"@executable_path/Frameworks",
				);
				MARKETING_VERSION = 1.0;
				PRODUCT_BUNDLE_IDENTIFIER = "com.kantzzapps.Netflix-Streaming-App";
				PRODUCT_NAME = "$(TARGET_NAME)";
				SWIFT_EMIT_LOC_STRINGS = YES;
				SWIFT_VERSION = 5.0;
				TARGETED_DEVICE_FAMILY = "1,2";
			};
			name = Release;
		};
/* End XCBuildConfiguration section */

/* Begin XCConfigurationList section */
		84BC0827282D501B00B08106 /* Build configuration list for PBXProject "Netflix Streaming App" */ = {
			isa = XCConfigurationList;
			buildConfigurations = (
				84BC083E282D501E00B08106 /* Debug */,
				84BC083F282D501E00B08106 /* Release */,
			);
			defaultConfigurationIsVisible = 0;
			defaultConfigurationName = Release;
		};
		84BC0840282D501E00B08106 /* Build configuration list for PBXNativeTarget "Netflix Streaming App" */ = {
			isa = XCConfigurationList;
			buildConfigurations = (
				84BC0841282D501E00B08106 /* Debug */,
				84BC0842282D501E00B08106 /* Release */,
			);
			defaultConfigurationIsVisible = 0;
			defaultConfigurationName = Release;
		};
/* End XCConfigurationList section */

/* Begin XCRemoteSwiftPackageReference section */
		84EEDF9D282E7B65000C83C8 /* XCRemoteSwiftPackageReference "SDWebImage" */ = {
			isa = XCRemoteSwiftPackageReference;
			repositoryURL = "https://github.com/SDWebImage/SDWebImage.git";
			requirement = {
				branch = master;
				kind = branch;
			};
		};
/* End XCRemoteSwiftPackageReference section */

/* Begin XCSwiftPackageProductDependency section */
		84EEDF9E282E7B65000C83C8 /* SDWebImage */ = {
			isa = XCSwiftPackageProductDependency;
			package = 84EEDF9D282E7B65000C83C8 /* XCRemoteSwiftPackageReference "SDWebImage" */;
			productName = SDWebImage;
		};
		84EEDFA0282E7B65000C83C8 /* SDWebImageMapKit */ = {
			isa = XCSwiftPackageProductDependency;
			package = 84EEDF9D282E7B65000C83C8 /* XCRemoteSwiftPackageReference "SDWebImage" */;
			productName = SDWebImageMapKit;
		};
/* End XCSwiftPackageProductDependency section */
	};
	rootObject = 84BC0824282D501B00B08106 /* Project object */;
}
